# THIS IS AN AUTOGENERATED FILE. DO NOT EDIT THIS FILE DIRECTLY.
# yarn lockfile v1


tata-js@^0.1.5:
  version "0.1.5"
  resolved "https://registry.yarnpkg.com/tata-js/-/tata-js-0.1.5.tgz#4374f1e424aed0ba066d2e831fd2b25ce10210cc"
  integrity sha512-e9O09ZY8D+LX3kyFfLE//LcWI0M23V2XpAyrSDm7cZJH1xaCoFwAD7j/s0FV9v72BJ0PnCOYkA+BaCZ5BNdvGg==
